<?xml version="1.0" encoding="utf-8"?>
<Project ToolsVersion="4.0" xmlns="http://schemas.microsoft.com/developer/msbuild/2003">
  <ItemGroup>
    <Filter Include="Source Files">
      <UniqueIdentifier>{4FC737F1-C7A5-4376-A066-2A32D752A2FF}</UniqueIdentifier>
      <Extensions>cpp;c;cc;cxx;def;odl;idl;hpj;bat;asm;asmx</Extensions>
    </Filter>
    <Filter Include="Header Files">
      <UniqueIdentifier>{93995380-89BD-4b04-88EB-625FBE52EBFB}</UniqueIdentifier>
      <Extensions>h;hpp;hxx;hm;inl;inc;xsd</Extensions>
    </Filter>
    <Filter Include="Resource Files">
      <UniqueIdentifier>{67DA6AB6-F800-4c08-8B7A-83BB121AAD01}</UniqueIdentifier>
      <Extensions>rc;ico;cur;bmp;dlg;rc2;rct;bin;rgs;gif;jpg;jpeg;jpe;resx;tiff;tif;png;wav</Extensions>
    </Filter>
  </ItemGroup>
  <ItemGroup>
    <ClCompile Include="Init.cpp">
      <Filter>Source Files</Filter>
    </ClCompile>
    <ClCompile Include="Main.cpp">
      <Filter>Source Files</Filter>
    </ClCompile>
    <ClCompile Include="MTerrain.cpp">
      <Filter>Source Files</Filter>
    </ClCompile>
    <ClCompile Include="MTexture.cpp">
      <Filter>Source Files</Filter>
    </ClCompile>
    <ClCompile Include="MSkyBox.cpp">
      <Filter>Source Files</Filter>
    </ClCompile>
    <ClCompile Include="MText.cpp">
      <Filter>Source Files</Filter>
    </ClCompile>
    <ClCompile Include="MCamera.cpp">
      <Filter>Source Files</Filter>
    </ClCompile>
    <ClCompile Include="MSecondaryObjects.cpp">
      <Filter>Source Files</Filter>
    </ClCompile>
    <ClCompile Include="MModel_3DS.cpp">
      <Filter>Source Files</Filter>
    </ClCompile>
    <ClCompile Include="MGLTexture.cpp">
      <Filter>Source Files</Filter>
    </ClCompile>
    <ClCompile Include="MLightingEffects.cpp">
      <Filter>Source Files</Filter>
    </ClCompile>
    <ClCompile Include="MVertex.cpp">
      <Filter>Source Files</Filter>
    </ClCompile>
    <ClCompile Include="MHighResolutionTimer.cpp">
      <Filter>Source Files</Filter>
    </ClCompile>
    <ClCompile Include="MBouncingBall.cpp">
      <Filter>Source Files</Filter>
    </ClCompile>
    <ClCompile Include="MBoundingBox.cpp">
      <Filter>Source Files</Filter>
    </ClCompile>
    <ClCompile Include="MAudio.cpp">
      <Filter>Source Files</Filter>
    </ClCompile>
    <ClCompile Include="MFaceVertexMesh.cpp">
      <Filter>Source Files</Filter>
    </ClCompile>
    <ClCompile Include="MHeightMapTerrain.cpp">
      <Filter>Source Files</Filter>
    </ClCompile>
    <ClCompile Include="Log.cpp">
      <Filter>Source Files</Filter>
    </ClCompile>
    <ClCompile Include="House.cpp">
      <Filter>Source Files</Filter>
    </ClCompile>
    <ClCompile Include="Barrel.cpp">
      <Filter>Source Files</Filter>
    </ClCompile>
    <ClCompile Include="TeePee.cpp">
      <Filter>Source Files</Filter>
    </ClCompile>
    <ClCompile Include="MaterialEffects.cpp">
      <Filter>Source Files</Filter>
    </ClCompile>
    <ClCompile Include="CampFire.cpp">
      <Filter>Source Files</Filter>
    </ClCompile>
    <ClCompile Include="MCrossFade.cpp">
      <Filter>Source Files</Filter>
    </ClCompile>
    <ClCompile Include="IntroScreen.cpp">
      <Filter>Source Files</Filter>
    </ClCompile>
    <ClCompile Include="BasicItem.cpp">
      <Filter>Source Files</Filter>
    </ClCompile>
    <ClCompile Include="Pillar.cpp">
      <Filter>Source Files</Filter>
    </ClCompile>
    <ClCompile Include="Tree.cpp">
      <Filter>Source Files</Filter>
    </ClCompile>
    <ClCompile Include="BasicMesh.cpp">
      <Filter>Source Files</Filter>
    </ClCompile>
    <ClCompile Include="BigSpider.cpp">
      <Filter>Source Files</Filter>
    </ClCompile>
    <ClCompile Include="KillerAnt.cpp">
      <Filter>Source Files</Filter>
    </ClCompile>
    <ClCompile Include="Heart.cpp">
      <Filter>Source Files</Filter>
    </ClCompile>
    <ClCompile Include="DeadTree.cpp">
      <Filter>Source Files</Filter>
    </ClCompile>
    <ClCompile Include="MCollisionDetection.cpp">
      <Filter>Source Files</Filter>
    </ClCompile>
    <ClCompile Include="Arrow.cpp">
      <Filter>Source Files</Filter>
    </ClCompile>
    <ClCompile Include="FireArrow.cpp">
      <Filter>Source Files</Filter>
    </ClCompile>
    <ClCompile Include="FireParticleEmitter.cpp">
      <Filter>Source Files</Filter>
    </ClCompile>
    <ClCompile Include="Particle.cpp">
      <Filter>Source Files</Filter>
    </ClCompile>
    <ClCompile Include="ColourSequence.cpp">
      <Filter>Source Files</Filter>
    </ClCompile>
    <ClCompile Include="SpriteExplosion.cpp">
      <Filter>Source Files</Filter>
    </ClCompile>
    <ClCompile Include="Movement.cpp">
      <Filter>Source Files</Filter>
    </ClCompile>
    <ClCompile Include="EnemyProjectile.cpp">
      <Filter>Source Files</Filter>
    </ClCompile>
    <ClCompile Include="EndScreen.cpp">
      <Filter>Source Files</Filter>
    </ClCompile>
  </ItemGroup>
  <ItemGroup>
    <ClInclude Include="main.h">
      <Filter>Header Files</Filter>
    </ClInclude>
    <ClInclude Include="MTerrain.h">
      <Filter>Header Files</Filter>
    </ClInclude>
    <ClInclude Include="MTexture.h">
      <Filter>Header Files</Filter>
    </ClInclude>
    <ClInclude Include="MSkyBox.h">
      <Filter>Header Files</Filter>
    </ClInclude>
    <ClInclude Include="MVector3f.h">
      <Filter>Header Files</Filter>
    </ClInclude>
    <ClInclude Include="MText.h">
      <Filter>Header Files</Filter>
    </ClInclude>
    <ClInclude Include="MCamera.h">
      <Filter>Header Files</Filter>
    </ClInclude>
    <ClInclude Include="MSecondaryObjects.h">
      <Filter>Header Files</Filter>
    </ClInclude>
    <ClInclude Include="MModel_3DS.h">
      <Filter>Header Files</Filter>
    </ClInclude>
    <ClInclude Include="MGLTexture.h">
      <Filter>Header Files</Filter>
    </ClInclude>
    <ClInclude Include="MLightingEffects.h">
      <Filter>Header Files</Filter>
    </ClInclude>
    <ClInclude Include="MTimer.h">
      <Filter>Header Files</Filter>
    </ClInclude>
    <ClInclude Include="MVertex.h">
      <Filter>Header Files</Filter>
    </ClInclude>
    <ClInclude Include="MHighResolutionTimer.h">
      <Filter>Header Files</Filter>
    </ClInclude>
    <ClInclude Include="MBouncingBall.h">
      <Filter>Header Files</Filter>
    </ClInclude>
    <ClInclude Include="MBoundingBox.h">
      <Filter>Header Files</Filter>
    </ClInclude>
    <ClInclude Include="MAudio.h">
      <Filter>Header Files</Filter>
    </ClInclude>
    <ClInclude Include="MHeightMapTerrain.h">
      <Filter>Header Files</Filter>
    </ClInclude>
    <ClInclude Include="MFaceVertexMesh.h">
      <Filter>Header Files</Filter>
    </ClInclude>
    <ClInclude Include="Log.h">
      <Filter>Header Files</Filter>
    </ClInclude>
    <ClInclude Include="House.h">
      <Filter>Header Files</Filter>
    </ClInclude>
    <ClInclude Include="Barrel.h">
      <Filter>Header Files</Filter>
    </ClInclude>
    <ClInclude Include="TeePee.h">
      <Filter>Header Files</Filter>
    </ClInclude>
    <ClInclude Include="MaterialEffects.h">
      <Filter>Header Files</Filter>
    </ClInclude>
    <ClInclude Include="CampFire.h">
      <Filter>Header Files</Filter>
    </ClInclude>
    <ClInclude Include="MCrossFade.h">
      <Filter>Header Files</Filter>
    </ClInclude>
    <ClInclude Include="IntroScreen.h">
      <Filter>Header Files</Filter>
    </ClInclude>
    <ClInclude Include="BasicItem.h">
      <Filter>Header Files</Filter>
    </ClInclude>
    <ClInclude Include="Pillar.h">
      <Filter>Header Files</Filter>
    </ClInclude>
    <ClInclude Include="Tree.h">
      <Filter>Header Files</Filter>
    </ClInclude>
    <ClInclude Include="BasicMesh.h">
      <Filter>Header Files</Filter>
    </ClInclude>
    <ClInclude Include="BigSpider.h">
      <Filter>Header Files</Filter>
    </ClInclude>
    <ClInclude Include="KillerAnt.h">
      <Filter>Header Files</Filter>
    </ClInclude>
    <ClInclude Include="Heart.h">
      <Filter>Header Files</Filter>
    </ClInclude>
    <ClInclude Include="DeadTree.h">
      <Filter>Header Files</Filter>
    </ClInclude>
    <ClInclude Include="MCollisionDetection.h">
      <Filter>Header Files</Filter>
    </ClInclude>
    <ClInclude Include="Arrow.h">
      <Filter>Header Files</Filter>
    </ClInclude>
    <ClInclude Include="FireArrow.h">
      <Filter>Header Files</Filter>
    </ClInclude>
    <ClInclude Include="FireParticleEmitter.h">
      <Filter>Header Files</Filter>
    </ClInclude>
    <ClInclude Include="Particle.h">
      <Filter>Header Files</Filter>
    </ClInclude>
    <ClInclude Include="ColourSequence.h">
      <Filter>Header Files</Filter>
    </ClInclude>
    <ClInclude Include="SpriteExplosion.h">
      <Filter>Header Files</Filter>
    </ClInclude>
    <ClInclude Include="Movement.h">
      <Filter>Header Files</Filter>
    </ClInclude>
    <ClInclude Include="EnemyProjectile.h">
      <Filter>Header Files</Filter>
    </ClInclude>
    <ClInclude Include="EndScreen.h">
      <Filter>Header Files</Filter>
    </ClInclude>
  </ItemGroup>
  <ItemGroup>
    <Library Include="lib\GLAUX.LIB" />
    <Library Include="lib\GLU32.LIB" />
    <Library Include="lib\glut32.lib" />
    <Library Include="lib\OpenGL32.Lib" />
  </ItemGroup>
</Project>